{
  "name": "my-app",
  "version": "0.1.0",
  "lockfileVersion": 3,
  "requires": true,
  "packages": {
    "": {
      "name": "my-app",
      "version": "0.1.0",
      "dependencies": {
        "@vessel-aircodr/sdk": "^0.1.0"
      }
    },
    "node_modules/@vessel-aircodr/sdk": {
      "version": "0.1.0",
      "resolved": "https://registry.npmjs.org/@vessel-aircodr/sdk/-/sdk-0.1.0.tgz",
      "integrity": "sha512-mUFcuj/SVKt1IqDOBUjms72ttQYaKtlQ5reTpqbA4IOopR4icdJeE0Q3XTD+x0i2L/2EVVQFSS2+BNDQt6dzOA==",
      "license": "MIT"
    }
  }
}
